
Microsoft Visual Studio Solution File, Format Version 12.00
# Visual Studio Version 16
VisualStudioVersion = 16.0.28729.10
MinimumVisualStudioVersion = 10.0.40219.1
Project("{FAE04EC0-301F-11D3-BF4B-00C04F79EFBC}") = "SchoolProject", "SchoolProject\SchoolProject.csproj", "{A1AE6AD7-EE69-47C7-91AF-5116F5C8119E}"
EndProject
Project("{54435603-DBB4-11D2-8724-00A0C9A8B90C}") = "School Management", "..\..\..\School Management\School Management.vdproj", "{2769BCFE-3F2D-4683-B265-A2CA2DDB7ED1}"
EndProject
Global
	GlobalSection(SolutionConfigurationPlatforms) = preSolution
		Debug|Any CPU = Debug|Any CPU
		Release|Any CPU = Release|Any CPU
	EndGlobalSection
	GlobalSection(ProjectConfigurationPlatforms) = postSolution
		{A1AE6AD7-EE69-47C7-91AF-5116F5C8119E}.Debug|Any CPU.ActiveCfg = Debug|Any CPU
		{A1AE6AD7-EE69-47C7-91AF-5116F5C8119E}.Debug|Any CPU.Build.0 = Debug|Any CPU
		{A1AE6AD7-EE69-47C7-91AF-5116F5C8119E}.Release|Any CPU.ActiveCfg = Release|Any CPU
		{A1AE6AD7-EE69-47C7-91AF-5116F5C8119E}.Release|Any CPU.Build.0 = Release|Any CPU
		{2769BCFE-3F2D-4683-B265-A2CA2DDB7ED1}.Debug|Any CPU.ActiveCfg = Debug
		{2769BCFE-3F2D-4683-B265-A2CA2DDB7ED1}.Release|Any CPU.ActiveCfg = Release
		{2769BCFE-3F2D-4683-B265-A2CA2DDB7ED1}.Release|Any CPU.Build.0 = Release
	EndGlobalSection
	GlobalSection(SolutionProperties) = preSolution
		HideSolutionNode = FALSE
	EndGlobalSection
	GlobalSection(ExtensibilityGlobals) = postSolution
		SolutionGuid = {664172D9-DC89-4216-9610-EE0D3AAF86DB}
	EndGlobalSection
EndGlobal
